{
  "lockfile_version": "1",
  "packages": {
    "act@latest": {
      "last_modified": "2024-09-29T05:15:19Z",
      "resolved": "github:NixOS/nixpkgs/2dcd9c55e8914017226f5948ac22c53872a13ee2#act",
      "source": "devbox-search",
      "version": "0.2.67",
      "systems": {
        "aarch64-darwin": {
          "outputs": [
            {
              "name": "out",
              "path": "/nix/store/95ng1vsmq36600yl5jnhydwwp7qlw4qs-act-0.2.67",
              "default": true
            }
          ],
          "store_path": "/nix/store/95ng1vsmq36600yl5jnhydwwp7qlw4qs-act-0.2.67"
        },
        "aarch64-linux": {
          "outputs": [
            {
              "name": "out",
              "path": "/nix/store/han8drmgpwc6pdz0jyaxf4zs18fsvp40-act-0.2.67",
              "default": true
            }
          ],
          "store_path": "/nix/store/han8drmgpwc6pdz0jyaxf4zs18fsvp40-act-0.2.67"
        },
        "x86_64-darwin": {
          "outputs": [
            {
              "name": "out",
              "path": "/nix/store/daqqazwkrf3b4rivcg4wahpij1k0359h-act-0.2.67",
              "default": true
            }
          ],
          "store_path": "/nix/store/daqqazwkrf3b4rivcg4wahpij1k0359h-act-0.2.67"
        },
        "x86_64-linux": {
          "outputs": [
            {
              "name": "out",
              "path": "/nix/store/8kh39sl27yzgd7pd8smfw5vjkshpxml7-act-0.2.67",
              "default": true
            }
          ],
          "store_path": "/nix/store/8kh39sl27yzgd7pd8smfw5vjkshpxml7-act-0.2.67"
        }
      }
    },
    "civo@latest": {
      "last_modified": "2024-10-06T02:39:15Z",
      "resolved": "github:NixOS/nixpkgs/7d49afd36b5590f023ec56809c02e05d8164fbc4#civo",
      "source": "devbox-search",
      "version": "1.1.91",
      "systems": {
        "aarch64-darwin": {
          "outputs": [
            {
              "name": "out",
              "path": "/nix/store/gyaq3kxzlvg6gc2hz9pxbmmhx0bha4ic-civo-1.1.91",
              "default": true
            }
          ],
          "store_path": "/nix/store/gyaq3kxzlvg6gc2hz9pxbmmhx0bha4ic-civo-1.1.91"
        },
        "aarch64-linux": {
          "outputs": [
            {
              "name": "out",
              "path": "/nix/store/wxlp3pyd6gfanagd7qbnp5s1vwhlk54i-civo-1.1.91",
              "default": true
            }
          ],
          "store_path": "/nix/store/wxlp3pyd6gfanagd7qbnp5s1vwhlk54i-civo-1.1.91"
        },
        "x86_64-darwin": {
          "outputs": [
            {
              "name": "out",
              "path": "/nix/store/wsyh5i7fqw42vl8m1lk7ydabnwazdwx9-civo-1.1.91",
              "default": true
            }
          ],
          "store_path": "/nix/store/wsyh5i7fqw42vl8m1lk7ydabnwazdwx9-civo-1.1.91"
        },
        "x86_64-linux": {
          "outputs": [
            {
              "name": "out",
              "path": "/nix/store/kbsgs8g6zqmnx5hlscjim9mzkjmwj3zk-civo-1.1.91",
              "default": true
            }
          ],
          "store_path": "/nix/store/kbsgs8g6zqmnx5hlscjim9mzkjmwj3zk-civo-1.1.91"
        }
      }
    },
    "envsubst@latest": {
      "last_modified": "2024-09-10T15:01:03Z",
      "resolved": "github:NixOS/nixpkgs/5ed627539ac84809c78b2dd6d26a5cebeb5ae269#envsubst",
      "source": "devbox-search",
      "version": "1.4.2",
      "systems": {
        "aarch64-darwin": {
          "outputs": [
            {
              "name": "out",
              "path": "/nix/store/wwpqj6p5kkz7a8ivxpb4qgkq32vjbbi8-envsubst-1.4.2",
              "default": true
            }
          ],
          "store_path": "/nix/store/wwpqj6p5kkz7a8ivxpb4qgkq32vjbbi8-envsubst-1.4.2"
        },
        "aarch64-linux": {
          "outputs": [
            {
              "name": "out",
              "path": "/nix/store/8h69368kx3jmlza31r8pcnxc58cqklcp-envsubst-1.4.2",
              "default": true
            }
          ],
          "store_path": "/nix/store/8h69368kx3jmlza31r8pcnxc58cqklcp-envsubst-1.4.2"
        },
        "x86_64-darwin": {
          "outputs": [
            {
              "name": "out",
              "path": "/nix/store/pll5kcsj1c87f2fgjvh73jn3jv4sqk8v-envsubst-1.4.2",
              "default": true
            }
          ],
          "store_path": "/nix/store/pll5kcsj1c87f2fgjvh73jn3jv4sqk8v-envsubst-1.4.2"
        },
        "x86_64-linux": {
          "outputs": [
            {
              "name": "out",
              "path": "/nix/store/0vnhf886n6pj0r6x7y8c1flzch1gs20f-envsubst-1.4.2",
              "default": true
            }
          ],
          "store_path": "/nix/store/0vnhf886n6pj0r6x7y8c1flzch1gs20f-envsubst-1.4.2"
        }
      }
    },
    "gh@latest": {
      "last_modified": "2024-10-02T04:11:30Z",
      "resolved": "github:NixOS/nixpkgs/3b266ab4521b8e4144b4c552cba978b0c35ef449#gh",
      "source": "devbox-search",
      "version": "2.58.0",
      "systems": {
        "aarch64-darwin": {
          "outputs": [
            {
              "name": "out",
              "path": "/nix/store/fy4lwzzzxcyz3z4m22nsiywxnyla0fnz-gh-2.58.0",
              "default": true
            }
          ],
          "store_path": "/nix/store/fy4lwzzzxcyz3z4m22nsiywxnyla0fnz-gh-2.58.0"
        },
        "aarch64-linux": {
          "outputs": [
            {
              "name": "out",
              "path": "/nix/store/57sx36m6dhmshgp3im7achhqxyzvp2db-gh-2.58.0",
              "default": true
            }
          ],
          "store_path": "/nix/store/57sx36m6dhmshgp3im7achhqxyzvp2db-gh-2.58.0"
        },
        "x86_64-darwin": {
          "outputs": [
            {
              "name": "out",
              "path": "/nix/store/cdh2pgqk4nagjn8619inih87ybw783cq-gh-2.58.0",
              "default": true
            }
          ],
          "store_path": "/nix/store/cdh2pgqk4nagjn8619inih87ybw783cq-gh-2.58.0"
        },
        "x86_64-linux": {
          "outputs": [
            {
              "name": "out",
              "path": "/nix/store/rw4hd1b2h5qavw5xhzqymqyy7adkai4w-gh-2.58.0",
              "default": true
            }
          ],
          "store_path": "/nix/store/rw4hd1b2h5qavw5xhzqymqyy7adkai4w-gh-2.58.0"
        }
      }
    },
    "go@latest": {
      "last_modified": "2024-09-10T15:01:03Z",
      "resolved": "github:NixOS/nixpkgs/5ed627539ac84809c78b2dd6d26a5cebeb5ae269#go_1_23",
      "source": "devbox-search",
      "version": "1.23.1",
      "systems": {
        "aarch64-darwin": {
          "outputs": [
            {
              "name": "out",
              "path": "/nix/store/nvaay1c4banbccyvv6ba1gzyqpypjmfq-go-1.23.1",
              "default": true
            }
          ],
          "store_path": "/nix/store/nvaay1c4banbccyvv6ba1gzyqpypjmfq-go-1.23.1"
        },
        "aarch64-linux": {
          "outputs": [
            {
              "name": "out",
              "path": "/nix/store/9ylsay11jb3p6yarkmlz0fin76cdypwa-go-1.23.1",
              "default": true
            }
          ],
          "store_path": "/nix/store/9ylsay11jb3p6yarkmlz0fin76cdypwa-go-1.23.1"
        },
        "x86_64-darwin": {
          "outputs": [
            {
              "name": "out",
              "path": "/nix/store/zkg5xhyx2rs03dq0qp14nqlx9ff1y5c5-go-1.23.1",
              "default": true
            }
          ],
          "store_path": "/nix/store/zkg5xhyx2rs03dq0qp14nqlx9ff1y5c5-go-1.23.1"
        },
        "x86_64-linux": {
          "outputs": [
            {
              "name": "out",
              "path": "/nix/store/mi0ybwsm6pmxzv9hsm6bcbqaq1pkf8wh-go-1.23.1",
              "default": true
            }
          ],
          "store_path": "/nix/store/mi0ybwsm6pmxzv9hsm6bcbqaq1pkf8wh-go-1.23.1"
        }
      }
    },
    "google-cloud-sdk@latest": {
      "last_modified": "2024-10-01T01:43:25Z",
      "resolved": "github:NixOS/nixpkgs/9682b2197dabc185fcca802ac1ac21136e48fcc2#google-cloud-sdk",
      "source": "devbox-search",
      "version": "494.0.0",
      "systems": {
        "aarch64-darwin": {
          "outputs": [
            {
              "name": "out",
              "path": "/nix/store/vj189b7g7a47m410n7i5218i339zrv1r-google-cloud-sdk-494.0.0",
              "default": true
            }
          ],
          "store_path": "/nix/store/vj189b7g7a47m410n7i5218i339zrv1r-google-cloud-sdk-494.0.0"
        },
        "aarch64-linux": {
          "outputs": [
            {
              "name": "out",
              "path": "/nix/store/fcy6s62xsbgnzdmg42wsd84a9066hf8r-google-cloud-sdk-494.0.0",
              "default": true
            }
          ],
          "store_path": "/nix/store/fcy6s62xsbgnzdmg42wsd84a9066hf8r-google-cloud-sdk-494.0.0"
        },
        "x86_64-darwin": {
          "outputs": [
            {
              "name": "out",
              "path": "/nix/store/0k1wcz2h1pixyas5acpxpcvrlfr178m7-google-cloud-sdk-494.0.0",
              "default": true
            }
          ],
          "store_path": "/nix/store/0k1wcz2h1pixyas5acpxpcvrlfr178m7-google-cloud-sdk-494.0.0"
        },
        "x86_64-linux": {
          "outputs": [
            {
              "name": "out",
              "path": "/nix/store/h5xqqp2y3cp3nkf2jy2ysc1cyapzq7mf-google-cloud-sdk-494.0.0",
              "default": true
            }
          ],
          "store_path": "/nix/store/h5xqqp2y3cp3nkf2jy2ysc1cyapzq7mf-google-cloud-sdk-494.0.0"
        }
      }
    },
    "gum@latest": {
      "last_modified": "2024-09-10T15:01:03Z",
      "resolved": "github:NixOS/nixpkgs/5ed627539ac84809c78b2dd6d26a5cebeb5ae269#gum",
      "source": "devbox-search",
      "version": "0.14.5",
      "systems": {
        "aarch64-darwin": {
          "outputs": [
            {
              "name": "out",
              "path": "/nix/store/n1gqffrwdzr3vpsmwmwx3hmw814c1k6g-gum-0.14.5",
              "default": true
            }
          ],
          "store_path": "/nix/store/n1gqffrwdzr3vpsmwmwx3hmw814c1k6g-gum-0.14.5"
        },
        "aarch64-linux": {
          "outputs": [
            {
              "name": "out",
              "path": "/nix/store/ggp10jr3l6higs0gqibp6ypjlf7yakpc-gum-0.14.5",
              "default": true
            }
          ],
          "store_path": "/nix/store/ggp10jr3l6higs0gqibp6ypjlf7yakpc-gum-0.14.5"
        },
        "x86_64-darwin": {
          "outputs": [
            {
              "name": "out",
              "path": "/nix/store/jq8shghha81s1wg67fcjrfnf4hbliimn-gum-0.14.5",
              "default": true
            }
          ],
          "store_path": "/nix/store/jq8shghha81s1wg67fcjrfnf4hbliimn-gum-0.14.5"
        },
        "x86_64-linux": {
          "outputs": [
            {
              "name": "out",
              "path": "/nix/store/f199acwir08z47f3d5kf1fhmhajmd1ig-gum-0.14.5",
              "default": true
            }
          ],
          "store_path": "/nix/store/f199acwir08z47f3d5kf1fhmhajmd1ig-gum-0.14.5"
        }
      }
    },
    "jq@latest": {
      "last_modified": "2024-10-09T11:07:23Z",
      "resolved": "github:NixOS/nixpkgs/4fa56ac6d86a213b556d4db9b1cb43a51b3e40ec#jq",
      "source": "devbox-search",
      "version": "1.7.1",
      "systems": {
        "aarch64-darwin": {
          "outputs": [
            {
              "name": "bin",
              "path": "/nix/store/9h78n0xjxgjmmb37bi8ca6wyikx357fn-jq-1.7.1-bin",
              "default": true
            },
            {
              "name": "man",
              "path": "/nix/store/gxakkni5fxplsxkhlpd1y39z848r9w1k-jq-1.7.1-man",
              "default": true
            },
            {
              "name": "doc",
              "path": "/nix/store/dgrfyris3jajhimxw0p5qwpmdwsz0k6m-jq-1.7.1-doc"
            },
            {
              "name": "lib",
              "path": "/nix/store/1xx96kscxipvqg02hg5zhkc3p6jg8dax-jq-1.7.1-lib"
            },
            {
              "name": "out",
              "path": "/nix/store/49pvp5zyzs3kqafdrvl5l8zrr5gxg2ha-jq-1.7.1"
            },
            {
              "name": "dev",
              "path": "/nix/store/87lmnqwvgrbr4mymv790ysnp1fp9dbvc-jq-1.7.1-dev"
            }
          ],
          "store_path": "/nix/store/9h78n0xjxgjmmb37bi8ca6wyikx357fn-jq-1.7.1-bin"
        },
        "aarch64-linux": {
          "outputs": [
            {
              "name": "bin",
              "path": "/nix/store/d53sa7n91q32bj4n3d8yfih66w0cnybk-jq-1.7.1-bin",
              "default": true
            },
            {
              "name": "man",
              "path": "/nix/store/m2q5jyh2ifvyy71054kvdq12bq1kny0q-jq-1.7.1-man",
              "default": true
            },
            {
              "name": "out",
              "path": "/nix/store/hsrxl3njwwhi8zcbdrradmzdhf8q8b2c-jq-1.7.1"
            },
            {
              "name": "dev",
              "path": "/nix/store/xwy0g4wfzibz2hv9gnrcmg4hncncg0gx-jq-1.7.1-dev"
            },
            {
              "name": "doc",
              "path": "/nix/store/3scw7wdaz3mnigbqpir7yd81lfx4vb4a-jq-1.7.1-doc"
            },
            {
              "name": "lib",
              "path": "/nix/store/ffrivwacr1y18qq3fyk5gqz4h99hncza-jq-1.7.1-lib"
            }
          ],
          "store_path": "/nix/store/d53sa7n91q32bj4n3d8yfih66w0cnybk-jq-1.7.1-bin"
        },
        "x86_64-darwin": {
          "outputs": [
            {
              "name": "bin",
              "path": "/nix/store/vprdq5a3dk284s7blbxgaciqn90j5vgy-jq-1.7.1-bin",
              "default": true
            },
            {
              "name": "man",
              "path": "/nix/store/b7g1b4d9bkrii1l08h7jm42m346rch3n-jq-1.7.1-man",
              "default": true
            },
            {
              "name": "lib",
              "path": "/nix/store/0lg1w92gx3aam7b1h311ssmjq63p3kd4-jq-1.7.1-lib"
            },
            {
              "name": "out",
              "path": "/nix/store/m8y9qhibbih84af3vqs4wl72k9dpyiyj-jq-1.7.1"
            },
            {
              "name": "dev",
              "path": "/nix/store/mz2z5g6xiji538wkxclm7hxjqcji8kj0-jq-1.7.1-dev"
            },
            {
              "name": "doc",
              "path": "/nix/store/71lp09p1kdcdhk4xvs97w31ik0sjjimr-jq-1.7.1-doc"
            }
          ],
          "store_path": "/nix/store/vprdq5a3dk284s7blbxgaciqn90j5vgy-jq-1.7.1-bin"
        },
        "x86_64-linux": {
          "outputs": [
            {
              "name": "bin",
              "path": "/nix/store/x8jzsy0y1zk30mcvav2rh6lrw1gbzzy3-jq-1.7.1-bin",
              "default": true
            },
            {
              "name": "man",
              "path": "/nix/store/0jpj9xq83imjwhldsrmiyn8pp8wjazp5-jq-1.7.1-man",
              "default": true
            },
            {
              "name": "dev",
              "path": "/nix/store/04ca5xwvasz6s3jg0k7njz6rzi0d225w-jq-1.7.1-dev"
            },
            {
              "name": "doc",
              "path": "/nix/store/yfc9bsy7n9k66238s3cy7vw3cw1l1ap8-jq-1.7.1-doc"
            },
            {
              "name": "lib",
              "path": "/nix/store/n2vk1zmfzy726amnpr96jibk4zaya6qq-jq-1.7.1-lib"
            },
            {
              "name": "out",
              "path": "/nix/store/7sy12xv4fwii421d920jxqx63c0ai3w3-jq-1.7.1"
            }
          ],
          "store_path": "/nix/store/x8jzsy0y1zk30mcvav2rh6lrw1gbzzy3-jq-1.7.1-bin"
        }
      }
    },
    "k9s@latest": {
      "last_modified": "2024-09-10T15:01:03Z",
      "resolved": "github:NixOS/nixpkgs/5ed627539ac84809c78b2dd6d26a5cebeb5ae269#k9s",
      "source": "devbox-search",
      "version": "0.32.5",
      "systems": {
        "aarch64-darwin": {
          "outputs": [
            {
              "name": "out",
              "path": "/nix/store/m5bxsscvglr5fw9a19xx0qb37kkq6z80-k9s-0.32.5",
              "default": true
            }
          ],
          "store_path": "/nix/store/m5bxsscvglr5fw9a19xx0qb37kkq6z80-k9s-0.32.5"
        },
        "aarch64-linux": {
          "outputs": [
            {
              "name": "out",
              "path": "/nix/store/z1ikxiyw90iwdmj2g5zasixqgf433519-k9s-0.32.5",
              "default": true
            }
          ],
          "store_path": "/nix/store/z1ikxiyw90iwdmj2g5zasixqgf433519-k9s-0.32.5"
        },
        "x86_64-darwin": {
          "outputs": [
            {
              "name": "out",
              "path": "/nix/store/i6midqzq5vk4sf0218a5f37q9wqisklw-k9s-0.32.5",
              "default": true
            }
          ],
          "store_path": "/nix/store/i6midqzq5vk4sf0218a5f37q9wqisklw-k9s-0.32.5"
        },
        "x86_64-linux": {
          "outputs": [
            {
              "name": "out",
              "path": "/nix/store/c038vflkrhbdbsy99xg1v3wxyq8cji2k-k9s-0.32.5",
              "default": true
            }
          ],
          "store_path": "/nix/store/c038vflkrhbdbsy99xg1v3wxyq8cji2k-k9s-0.32.5"
        }
      }
    },
    "kind@latest": {
      "last_modified": "2024-09-10T15:01:03Z",
      "resolved": "github:NixOS/nixpkgs/5ed627539ac84809c78b2dd6d26a5cebeb5ae269#kind",
      "source": "devbox-search",
      "version": "0.24.0",
      "systems": {
        "aarch64-darwin": {
          "outputs": [
            {
              "name": "out",
              "path": "/nix/store/dh1xf5b09vn8j87kryr88yd47gq9ni8z-kind-0.24.0",
              "default": true
            }
          ],
          "store_path": "/nix/store/dh1xf5b09vn8j87kryr88yd47gq9ni8z-kind-0.24.0"
        },
        "aarch64-linux": {
          "outputs": [
            {
              "name": "out",
              "path": "/nix/store/bjjxkmdvan9agc6sv44rdhxjz9hv1igx-kind-0.24.0",
              "default": true
            }
          ],
          "store_path": "/nix/store/bjjxkmdvan9agc6sv44rdhxjz9hv1igx-kind-0.24.0"
        },
        "x86_64-darwin": {
          "outputs": [
            {
              "name": "out",
              "path": "/nix/store/nx6pfraywj21i01biaczny73p33dlzjr-kind-0.24.0",
              "default": true
            }
          ],
          "store_path": "/nix/store/nx6pfraywj21i01biaczny73p33dlzjr-kind-0.24.0"
        },
        "x86_64-linux": {
          "outputs": [
            {
              "name": "out",
              "path": "/nix/store/l19d666hq7hh64r9l9wpy2lwj0bxfm1a-kind-0.24.0",
              "default": true
            }
          ],
          "store_path": "/nix/store/l19d666hq7hh64r9l9wpy2lwj0bxfm1a-kind-0.24.0"
        }
      }
    },
    "kluctl@latest": {
      "last_modified": "2024-09-12T02:28:40Z",
      "resolved": "github:NixOS/nixpkgs/111ed8812c10d7dc3017de46cbf509600c93f551#kluctl",
      "source": "devbox-search",
      "version": "2.25.1",
      "systems": {
        "aarch64-darwin": {
          "outputs": [
            {
              "name": "out",
              "path": "/nix/store/7l8iqryjpjqikxcm2fzvk44jha8rgzdf-kluctl-2.25.1",
              "default": true
            }
          ],
          "store_path": "/nix/store/7l8iqryjpjqikxcm2fzvk44jha8rgzdf-kluctl-2.25.1"
        },
        "aarch64-linux": {
          "outputs": [
            {
              "name": "out",
              "path": "/nix/store/m3hv0zhpchbfs09zi3cgpqf5gvvkwjqi-kluctl-2.25.1",
              "default": true
            }
          ],
          "store_path": "/nix/store/m3hv0zhpchbfs09zi3cgpqf5gvvkwjqi-kluctl-2.25.1"
        },
        "x86_64-darwin": {
          "outputs": [
            {
              "name": "out",
              "path": "/nix/store/cihaq3f2jwzac419xvy4j10z01kjc3g2-kluctl-2.25.1",
              "default": true
            }
          ],
          "store_path": "/nix/store/cihaq3f2jwzac419xvy4j10z01kjc3g2-kluctl-2.25.1"
        },
        "x86_64-linux": {
          "outputs": [
            {
              "name": "out",
              "path": "/nix/store/bcv73y8lxbbi324v09v8ycjwwcyb0sfv-kluctl-2.25.1",
              "default": true
            }
          ],
          "store_path": "/nix/store/bcv73y8lxbbi324v09v8ycjwwcyb0sfv-kluctl-2.25.1"
        }
      }
    },
    "ko@latest": {
      "last_modified": "2024-09-10T15:01:03Z",
      "resolved": "github:NixOS/nixpkgs/5ed627539ac84809c78b2dd6d26a5cebeb5ae269#ko",
      "source": "devbox-search",
      "version": "0.15.4",
      "systems": {
        "aarch64-darwin": {
          "outputs": [
            {
              "name": "out",
              "path": "/nix/store/cz1wlmdf1c04j0wc10fi6id7d3g7pa5w-ko-0.15.4",
              "default": true
            }
          ],
          "store_path": "/nix/store/cz1wlmdf1c04j0wc10fi6id7d3g7pa5w-ko-0.15.4"
        },
        "aarch64-linux": {
          "outputs": [
            {
              "name": "out",
              "path": "/nix/store/0csyy71avbjbrjwk04an0fr0iwq3n4xc-ko-0.15.4",
              "default": true
            }
          ],
          "store_path": "/nix/store/0csyy71avbjbrjwk04an0fr0iwq3n4xc-ko-0.15.4"
        },
        "x86_64-darwin": {
          "outputs": [
            {
              "name": "out",
              "path": "/nix/store/mvlja8c6mcqfhhb59jdl5kyg4lkckz98-ko-0.15.4",
              "default": true
            }
          ],
          "store_path": "/nix/store/mvlja8c6mcqfhhb59jdl5kyg4lkckz98-ko-0.15.4"
        },
        "x86_64-linux": {
          "outputs": [
            {
              "name": "out",
              "path": "/nix/store/33jsb1yw71in0lrjk150yhn9b0myawg3-ko-0.15.4",
              "default": true
            }
          ],
          "store_path": "/nix/store/33jsb1yw71in0lrjk150yhn9b0myawg3-ko-0.15.4"
        }
      }
    },
    "kubectl@latest": {
      "last_modified": "2024-09-20T05:11:28Z",
      "resolved": "github:NixOS/nixpkgs/79454ee9aacc9714653a4e7eb2a52b717728caff#kubectl",
      "source": "devbox-search",
      "version": "1.31.0",
      "systems": {
        "aarch64-darwin": {
          "outputs": [
            {
              "name": "out",
              "path": "/nix/store/a3sbf306xajs0af6pcz34pw4pi9mkmj5-kubectl-1.31.0",
              "default": true
            },
            {
              "name": "man",
              "path": "/nix/store/ap867akfi9x10mzsbna51rxfh5wx5av2-kubectl-1.31.0-man",
              "default": true
            },
            {
              "name": "convert",
              "path": "/nix/store/n3g8pl6v8qf08d6z6pjllrb89ysr1zsc-kubectl-1.31.0-convert"
            }
          ],
          "store_path": "/nix/store/a3sbf306xajs0af6pcz34pw4pi9mkmj5-kubectl-1.31.0"
        },
        "aarch64-linux": {
          "outputs": [
            {
              "name": "out",
              "path": "/nix/store/qg9r3qqnjjxqmaq9qqbyh9x12k1vvqhv-kubectl-1.31.0",
              "default": true
            },
            {
              "name": "man",
              "path": "/nix/store/j132aazwv8nylcr4ciddmyhfwy48al5w-kubectl-1.31.0-man",
              "default": true
            },
            {
              "name": "convert",
              "path": "/nix/store/rc505l8rn9sd9g75hkxv1vq8zhr37j4x-kubectl-1.31.0-convert"
            }
          ],
          "store_path": "/nix/store/qg9r3qqnjjxqmaq9qqbyh9x12k1vvqhv-kubectl-1.31.0"
        },
        "x86_64-darwin": {
          "outputs": [
            {
              "name": "out",
              "path": "/nix/store/c5q71r4zbx9jjrdg1bky82q3ak87dsmn-kubectl-1.31.0",
              "default": true
            },
            {
              "name": "man",
              "path": "/nix/store/fqnpf91mg1w1z7glgx42wxgw8k2j4ym0-kubectl-1.31.0-man",
              "default": true
            },
            {
              "name": "convert",
              "path": "/nix/store/arnjlmd1zxdnp76qgk343ybqkjs3d4fb-kubectl-1.31.0-convert"
            }
          ],
          "store_path": "/nix/store/c5q71r4zbx9jjrdg1bky82q3ak87dsmn-kubectl-1.31.0"
        },
        "x86_64-linux": {
          "outputs": [
            {
              "name": "out",
              "path": "/nix/store/2xi1vzmqlbsqg9k3n1m204n56als7lyn-kubectl-1.31.0",
              "default": true
            },
            {
              "name": "man",
              "path": "/nix/store/75y8hkbk46qksfhqbkv5ass7xx3x1xsh-kubectl-1.31.0-man",
              "default": true
            },
            {
              "name": "convert",
              "path": "/nix/store/h9v1hlig44y827ms1cszwld3agdbh47k-kubectl-1.31.0-convert"
            }
          ],
          "store_path": "/nix/store/2xi1vzmqlbsqg9k3n1m204n56als7lyn-kubectl-1.31.0"
        }
      }
    },
    "kubectx@latest": {
      "last_modified": "2024-09-10T15:01:03Z",
      "resolved": "github:NixOS/nixpkgs/5ed627539ac84809c78b2dd6d26a5cebeb5ae269#kubectx",
      "source": "devbox-search",
      "version": "0.9.5",
      "systems": {
        "aarch64-darwin": {
          "outputs": [
            {
              "name": "out",
              "path": "/nix/store/glmi96287py5wv18c7yxcls2068d049v-kubectx-0.9.5",
              "default": true
            }
          ],
          "store_path": "/nix/store/glmi96287py5wv18c7yxcls2068d049v-kubectx-0.9.5"
        },
        "aarch64-linux": {
          "outputs": [
            {
              "name": "out",
              "path": "/nix/store/fsmw7kgxmsnnsvrd11q5a9cl5bvyamwa-kubectx-0.9.5",
              "default": true
            }
          ],
          "store_path": "/nix/store/fsmw7kgxmsnnsvrd11q5a9cl5bvyamwa-kubectx-0.9.5"
        },
        "x86_64-darwin": {
          "outputs": [
            {
              "name": "out",
              "path": "/nix/store/1hg35m9ds447s59q95bhcbzmsz9kwyzx-kubectx-0.9.5",
              "default": true
            }
          ],
          "store_path": "/nix/store/1hg35m9ds447s59q95bhcbzmsz9kwyzx-kubectx-0.9.5"
        },
        "x86_64-linux": {
          "outputs": [
            {
              "name": "out",
              "path": "/nix/store/i6lrj8i39xnnva5rkpb39yzplq9bdk4z-kubectx-0.9.5",
              "default": true
            }
          ],
          "store_path": "/nix/store/i6lrj8i39xnnva5rkpb39yzplq9bdk4z-kubectx-0.9.5"
        }
      }
    },
    "kubent@latest": {
      "last_modified": "2024-09-10T15:01:03Z",
      "resolved": "github:NixOS/nixpkgs/5ed627539ac84809c78b2dd6d26a5cebeb5ae269#kubent",
      "source": "devbox-search",
      "version": "0.7.2",
      "systems": {
        "aarch64-darwin": {
          "outputs": [
            {
              "name": "out",
              "path": "/nix/store/g5lhd009nscn16bdkn4ilzmz81s4dfyd-kubent-0.7.2",
              "default": true
            }
          ],
          "store_path": "/nix/store/g5lhd009nscn16bdkn4ilzmz81s4dfyd-kubent-0.7.2"
        },
        "aarch64-linux": {
          "outputs": [
            {
              "name": "out",
              "path": "/nix/store/j7r4395b865xblx0rdfc762apv8p3bbp-kubent-0.7.2",
              "default": true
            }
          ],
          "store_path": "/nix/store/j7r4395b865xblx0rdfc762apv8p3bbp-kubent-0.7.2"
        },
        "x86_64-darwin": {
          "outputs": [
            {
              "name": "out",
              "path": "/nix/store/dd733xkvmyzh516yi0f505sbp41rj7wb-kubent-0.7.2",
              "default": true
            }
          ],
          "store_path": "/nix/store/dd733xkvmyzh516yi0f505sbp41rj7wb-kubent-0.7.2"
        },
        "x86_64-linux": {
          "outputs": [
            {
              "name": "out",
              "path": "/nix/store/agvxx9prmcg75xscxnnajaxkyzmlsig9-kubent-0.7.2",
              "default": true
            }
          ],
          "store_path": "/nix/store/agvxx9prmcg75xscxnnajaxkyzmlsig9-kubent-0.7.2"
        }
      }
    },
    "kubernetes-helm@latest": {
      "last_modified": "2024-09-17T14:38:52Z",
      "resolved": "github:NixOS/nixpkgs/658e7223191d2598641d50ee4e898126768fe847#kubernetes-helm",
      "source": "devbox-search",
      "version": "3.16.1",
      "systems": {
        "aarch64-darwin": {
          "outputs": [
            {
              "name": "out",
              "path": "/nix/store/g9b797qqdsp7ymdx7dhwy5nfkhf90r4m-kubernetes-helm-3.16.1",
              "default": true
            }
          ],
          "store_path": "/nix/store/g9b797qqdsp7ymdx7dhwy5nfkhf90r4m-kubernetes-helm-3.16.1"
        },
        "aarch64-linux": {
          "outputs": [
            {
              "name": "out",
              "path": "/nix/store/s1smmyjs9988adbszdg2nd58qradswbc-kubernetes-helm-3.16.1",
              "default": true
            }
          ],
          "store_path": "/nix/store/s1smmyjs9988adbszdg2nd58qradswbc-kubernetes-helm-3.16.1"
        },
        "x86_64-darwin": {
          "outputs": [
            {
              "name": "out",
              "path": "/nix/store/3wfzg682rdi2md92jlql5i4h2pzxbq7a-kubernetes-helm-3.16.1",
              "default": true
            }
          ],
          "store_path": "/nix/store/3wfzg682rdi2md92jlql5i4h2pzxbq7a-kubernetes-helm-3.16.1"
        },
        "x86_64-linux": {
          "outputs": [
            {
              "name": "out",
              "path": "/nix/store/gl7z7bx0csk5flgidxjhjswf13y7vd7w-kubernetes-helm-3.16.1",
              "default": true
            }
          ],
          "store_path": "/nix/store/gl7z7bx0csk5flgidxjhjswf13y7vd7w-kubernetes-helm-3.16.1"
        }
      }
    },
    "kustomize@latest": {
      "last_modified": "2024-09-10T15:01:03Z",
      "resolved": "github:NixOS/nixpkgs/5ed627539ac84809c78b2dd6d26a5cebeb5ae269#kustomize",
      "source": "devbox-search",
      "version": "5.4.3",
      "systems": {
        "aarch64-darwin": {
          "outputs": [
            {
              "name": "out",
              "path": "/nix/store/cj6162hcll6jw4lp0cvlh78jlwb42kvc-kustomize-5.4.3",
              "default": true
            }
          ],
          "store_path": "/nix/store/cj6162hcll6jw4lp0cvlh78jlwb42kvc-kustomize-5.4.3"
        },
        "aarch64-linux": {
          "outputs": [
            {
              "name": "out",
              "path": "/nix/store/bfz8np8k8l4xn6qq4qacwcqgmnx57vy7-kustomize-5.4.3",
              "default": true
            }
          ],
          "store_path": "/nix/store/bfz8np8k8l4xn6qq4qacwcqgmnx57vy7-kustomize-5.4.3"
        },
        "x86_64-darwin": {
          "outputs": [
            {
              "name": "out",
              "path": "/nix/store/fklmq6hmq8fq5ggxk59yrqhqrjkpb5nn-kustomize-5.4.3",
              "default": true
            }
          ],
          "store_path": "/nix/store/fklmq6hmq8fq5ggxk59yrqhqrjkpb5nn-kustomize-5.4.3"
        },
        "x86_64-linux": {
          "outputs": [
            {
              "name": "out",
              "path": "/nix/store/1xp4g0r29lkd2c8f3qmhw3flv873z20q-kustomize-5.4.3",
              "default": true
            }
          ],
          "store_path": "/nix/store/1xp4g0r29lkd2c8f3qmhw3flv873z20q-kustomize-5.4.3"
        }
      }
    },
    "nodejs_20@latest": {
      "last_modified": "2024-09-10T15:01:03Z",
      "plugin_version": "0.0.2",
      "resolved": "github:NixOS/nixpkgs/5ed627539ac84809c78b2dd6d26a5cebeb5ae269#nodejs_20",
      "source": "devbox-search",
      "version": "20.17.0",
      "systems": {
        "aarch64-darwin": {
          "outputs": [
            {
              "name": "out",
              "path": "/nix/store/hxl1k8qgmrm1vfq5f419iv4wybz9szqq-nodejs-20.17.0",
              "default": true
            },
            {
              "name": "libv8",
              "path": "/nix/store/baf3p9zf8dn2arp6wjkdi3v0g2xgfd6y-nodejs-20.17.0-libv8"
            }
          ],
          "store_path": "/nix/store/hxl1k8qgmrm1vfq5f419iv4wybz9szqq-nodejs-20.17.0"
        },
        "aarch64-linux": {
          "outputs": [
            {
              "name": "out",
              "path": "/nix/store/vc64zpxndmp3xh9699yb2vpbl81pxbk0-nodejs-20.17.0",
              "default": true
            },
            {
              "name": "libv8",
              "path": "/nix/store/0c57mzp5bqf0pp4a0pdj8wynphsgi92c-nodejs-20.17.0-libv8"
            }
          ],
          "store_path": "/nix/store/vc64zpxndmp3xh9699yb2vpbl81pxbk0-nodejs-20.17.0"
        },
        "x86_64-darwin": {
          "outputs": [
            {
              "name": "out",
              "path": "/nix/store/lgyrki1i0205nwh51c1h22bhl95x0nyd-nodejs-20.17.0",
              "default": true
            },
            {
              "name": "libv8",
              "path": "/nix/store/n4xvswmgb3ql2440bkl8xk4i3b11w46x-nodejs-20.17.0-libv8"
            }
          ],
          "store_path": "/nix/store/lgyrki1i0205nwh51c1h22bhl95x0nyd-nodejs-20.17.0"
        },
        "x86_64-linux": {
          "outputs": [
            {
              "name": "out",
              "path": "/nix/store/w78sh036dyn14f29w8za9ni9syrmwm3q-nodejs-20.17.0",
              "default": true
            },
            {
              "name": "libv8",
              "path": "/nix/store/bsqha32xvv1j20bwkhr2wsnclk4qsi3a-nodejs-20.17.0-libv8"
            }
          ],
          "store_path": "/nix/store/w78sh036dyn14f29w8za9ni9syrmwm3q-nodejs-20.17.0"
        }
      }
    },
    "oras@latest": {
      "last_modified": "2024-09-10T15:01:03Z",
      "resolved": "github:NixOS/nixpkgs/5ed627539ac84809c78b2dd6d26a5cebeb5ae269#oras",
      "source": "devbox-search",
      "version": "1.2.0",
      "systems": {
        "aarch64-darwin": {
          "outputs": [
            {
              "name": "out",
              "path": "/nix/store/7x1q4cd4233mv9993qbx5ac84w8718bi-oras-1.2.0",
              "default": true
            }
          ],
          "store_path": "/nix/store/7x1q4cd4233mv9993qbx5ac84w8718bi-oras-1.2.0"
        },
        "aarch64-linux": {
          "outputs": [
            {
              "name": "out",
              "path": "/nix/store/bwh1q9davjsq9knw19v1wbbka8qcfvbj-oras-1.2.0",
              "default": true
            }
          ],
          "store_path": "/nix/store/bwh1q9davjsq9knw19v1wbbka8qcfvbj-oras-1.2.0"
        },
        "x86_64-darwin": {
          "outputs": [
            {
              "name": "out",
              "path": "/nix/store/7agr8fm9lxpwfa3dwy38ic4lv4y0kb0a-oras-1.2.0",
              "default": true
            }
          ],
          "store_path": "/nix/store/7agr8fm9lxpwfa3dwy38ic4lv4y0kb0a-oras-1.2.0"
        },
        "x86_64-linux": {
          "outputs": [
            {
              "name": "out",
              "path": "/nix/store/d53f84sm14mpvn7fwxvxsr4pbcs7361a-oras-1.2.0",
              "default": true
            }
          ],
          "store_path": "/nix/store/d53f84sm14mpvn7fwxvxsr4pbcs7361a-oras-1.2.0"
        }
      }
    },
    "poetry@latest": {
      "last_modified": "2024-10-09T02:21:25Z",
      "plugin_version": "0.0.4",
      "resolved": "github:NixOS/nixpkgs/2b58bfe2c0d73341362870a0f1e50b2b8f2e4b84#poetry",
      "source": "devbox-search",
      "version": "1.8.3",
      "systems": {
        "aarch64-darwin": {
          "outputs": [
            {
              "name": "out",
              "path": "/nix/store/ckpa79sy4rj1pbplmp74sjx59nw8r4xp-python3.12-poetry-1.8.3",
              "default": true
            },
            {
              "name": "dist",
              "path": "/nix/store/s44zb723g0jxnhxl6llgaz9g9byj5wy5-python3.12-poetry-1.8.3-dist"
            }
          ],
          "store_path": "/nix/store/ckpa79sy4rj1pbplmp74sjx59nw8r4xp-python3.12-poetry-1.8.3"
        },
        "aarch64-linux": {
          "outputs": [
            {
              "name": "out",
              "path": "/nix/store/s1liys3nn0sh28k4izwqs1jiirrvnw79-python3.12-poetry-1.8.3",
              "default": true
            },
            {
              "name": "dist",
              "path": "/nix/store/m7c6ck6h18jxis7l1r4fiw8m0ml16rpq-python3.12-poetry-1.8.3-dist"
            }
          ],
          "store_path": "/nix/store/s1liys3nn0sh28k4izwqs1jiirrvnw79-python3.12-poetry-1.8.3"
        },
        "x86_64-darwin": {
          "outputs": [
            {
              "name": "out",
              "path": "/nix/store/0xffpydiisn36savnslpzsqzrd8hnb08-python3.12-poetry-1.8.3",
              "default": true
            },
            {
              "name": "dist",
              "path": "/nix/store/f53fclsrksrbfnk5ss1s5ydqxr52xbs0-python3.12-poetry-1.8.3-dist"
            }
          ],
          "store_path": "/nix/store/0xffpydiisn36savnslpzsqzrd8hnb08-python3.12-poetry-1.8.3"
        },
        "x86_64-linux": {
          "outputs": [
            {
              "name": "out",
              "path": "/nix/store/nccb1zw832cnd23k1jmv6l3r62njjs6l-python3.12-poetry-1.8.3",
              "default": true
            },
            {
              "name": "dist",
              "path": "/nix/store/0yz46s47qaq6rph8sv17i7lx2d4vjrrf-python3.12-poetry-1.8.3-dist"
            }
          ],
          "store_path": "/nix/store/nccb1zw832cnd23k1jmv6l3r62njjs6l-python3.12-poetry-1.8.3"
        }
      }
    },
    "python312@latest": {
      "last_modified": "2024-06-12T20:55:33Z",
      "plugin_version": "0.0.4",
      "resolved": "github:NixOS/nixpkgs/a9858885e197f984d92d7fe64e9fff6b2e488d40#python312",
      "source": "devbox-search",
      "version": "3.12.3",
      "systems": {
        "aarch64-darwin": {
          "outputs": [
            {
              "name": "out",
              "path": "/nix/store/65ackbgqn02p6fy75rksjbp17zj6440j-python3-3.12.3",
              "default": true
            }
          ],
          "store_path": "/nix/store/65ackbgqn02p6fy75rksjbp17zj6440j-python3-3.12.3"
        },
        "aarch64-linux": {
          "outputs": [
            {
              "name": "out",
              "path": "/nix/store/59siylp1k9i3ch4d9m3vs5jp5z56b5sg-python3-3.12.3",
              "default": true
            },
            {
              "name": "debug",
              "path": "/nix/store/ji094818a78hrkag26202b21nr5v1pgk-python3-3.12.3-debug"
            }
          ],
          "store_path": "/nix/store/59siylp1k9i3ch4d9m3vs5jp5z56b5sg-python3-3.12.3"
        },
        "x86_64-darwin": {
          "outputs": [
            {
              "name": "out",
              "path": "/nix/store/nrskm5p85y6751k02ih51bpzfag8g5r8-python3-3.12.3",
              "default": true
            }
          ],
          "store_path": "/nix/store/nrskm5p85y6751k02ih51bpzfag8g5r8-python3-3.12.3"
        },
        "x86_64-linux": {
          "outputs": [
            {
              "name": "out",
              "path": "/nix/store/zwvdwiw0zg5liz6lkkkqyab035parhld-python3-3.12.3",
              "default": true
            },
            {
              "name": "debug",
              "path": "/nix/store/wj6mffmpvly3md2hqnq2jj8zrrw5qck9-python3-3.12.3-debug"
            }
          ],
          "store_path": "/nix/store/zwvdwiw0zg5liz6lkkkqyab035parhld-python3-3.12.3"
        }
      }
    },
    "tilt@latest": {
      "last_modified": "2024-09-20T05:11:28Z",
      "resolved": "github:NixOS/nixpkgs/79454ee9aacc9714653a4e7eb2a52b717728caff#tilt",
      "source": "devbox-search",
      "version": "0.33.17",
      "systems": {
        "aarch64-darwin": {
          "outputs": [
            {
              "name": "out",
              "path": "/nix/store/1m3akxkdiapnw0q2rlbc78z574xmz80s-tilt-0.33.17",
              "default": true
            }
          ],
          "store_path": "/nix/store/1m3akxkdiapnw0q2rlbc78z574xmz80s-tilt-0.33.17"
        },
        "aarch64-linux": {
          "outputs": [
            {
              "name": "out",
              "path": "/nix/store/yq1ggz3cxyps4rayjqsld59v4455wqg4-tilt-0.33.17",
              "default": true
            }
          ],
          "store_path": "/nix/store/yq1ggz3cxyps4rayjqsld59v4455wqg4-tilt-0.33.17"
        },
        "x86_64-darwin": {
          "outputs": [
            {
              "name": "out",
              "path": "/nix/store/xrq7xyyzd6x8927j5kxk7irp09vxmxyy-tilt-0.33.17",
              "default": true
            }
          ],
          "store_path": "/nix/store/xrq7xyyzd6x8927j5kxk7irp09vxmxyy-tilt-0.33.17"
        },
        "x86_64-linux": {
          "outputs": [
            {
              "name": "out",
              "path": "/nix/store/1spx9995dkwlc1s0kmx5anyl17yzj7as-tilt-0.33.17",
              "default": true
            }
          ],
          "store_path": "/nix/store/1spx9995dkwlc1s0kmx5anyl17yzj7as-tilt-0.33.17"
        }
      }
    },
    "yq-go@latest": {
      "last_modified": "2024-09-10T15:01:03Z",
      "resolved": "github:NixOS/nixpkgs/5ed627539ac84809c78b2dd6d26a5cebeb5ae269#yq-go",
      "source": "devbox-search",
      "version": "4.44.3",
      "systems": {
        "aarch64-darwin": {
          "outputs": [
            {
              "name": "out",
              "path": "/nix/store/l4yd5ml8bq3k7kgx09v11q735ifafc2z-yq-go-4.44.3",
              "default": true
            }
          ],
          "store_path": "/nix/store/l4yd5ml8bq3k7kgx09v11q735ifafc2z-yq-go-4.44.3"
        },
        "aarch64-linux": {
          "outputs": [
            {
              "name": "out",
              "path": "/nix/store/v560a3n62j1vxmcajhmjm0m3g706gj1r-yq-go-4.44.3",
              "default": true
            }
          ],
          "store_path": "/nix/store/v560a3n62j1vxmcajhmjm0m3g706gj1r-yq-go-4.44.3"
        },
        "x86_64-darwin": {
          "outputs": [
            {
              "name": "out",
              "path": "/nix/store/51y79dql9azy10mr82dbvp30y29lp3pn-yq-go-4.44.3",
              "default": true
            }
          ],
          "store_path": "/nix/store/51y79dql9azy10mr82dbvp30y29lp3pn-yq-go-4.44.3"
        },
        "x86_64-linux": {
          "outputs": [
            {
              "name": "out",
              "path": "/nix/store/3c1gvwg7nkvwvidnvng8fj31pprkhhva-yq-go-4.44.3",
              "default": true
            }
          ],
          "store_path": "/nix/store/3c1gvwg7nkvwvidnvng8fj31pprkhhva-yq-go-4.44.3"
        }
      }
    }
  }
}
